
Microsoft Visual Studio Solution File, Format Version 12.00
# Visual Studio Version 17
VisualStudioVersion = 17.6.33829.357
MinimumVisualStudioVersion = 10.0.40219.1
Project("{FAE04EC0-301F-11D3-BF4B-00C04F79EFBC}") = "XIIRPL1_04_Ticketing", "XIIRPL1_04_Ticketing\XIIRPL1_04_Ticketing.csproj", "{2BC8E1D2-6A4B-4097-ACBA-0C4F5D7B4EC6}"
EndProject
Global
	GlobalSection(SolutionConfigurationPlatforms) = preSolution
		Debug|Any CPU = Debug|Any CPU
		Release|Any CPU = Release|Any CPU
	EndGlobalSection
	GlobalSection(ProjectConfigurationPlatforms) = postSolution
		{2BC8E1D2-6A4B-4097-ACBA-0C4F5D7B4EC6}.Debug|Any CPU.ActiveCfg = Debug|Any CPU
		{2BC8E1D2-6A4B-4097-ACBA-0C4F5D7B4EC6}.Debug|Any CPU.Build.0 = Debug|Any CPU
		{2BC8E1D2-6A4B-4097-ACBA-0C4F5D7B4EC6}.Release|Any CPU.ActiveCfg = Release|Any CPU
		{2BC8E1D2-6A4B-4097-ACBA-0C4F5D7B4EC6}.Release|Any CPU.Build.0 = Release|Any CPU
	EndGlobalSection
	GlobalSection(SolutionProperties) = preSolution
		HideSolutionNode = FALSE
	EndGlobalSection
	GlobalSection(ExtensibilityGlobals) = postSolution
		SolutionGuid = {4D1410BD-578B-4F30-A2A8-CA943E133AE3}
	EndGlobalSection
EndGlobal
